lockfileVersion: '6.0'

settings:
  autoInstallPeers: true
  excludeLinksFromLockfile: false

dependencies:
  '@use-gesture/vanilla':
    specifier: ^10.2.27
    version: 10.2.27
  d3-quadtree:
    specifier: ^3.0.1
    version: 3.0.1
  mobx:
    specifier: ^6.9.0
    version: 6.9.0
  phaser:
    specifier: ^3.60.0
    version: 3.60.0
  rxjs:
    specifier: ^7.8.1
    version: 7.8.1
  typescript:
    specifier: ^5.1.3
    version: 5.1.3
  webfontloader:
    specifier: ^1.6.28
    version: 1.6.28

devDependencies:
  '@types/d3-quadtree':
    specifier: ^3.0.3
    version: 3.0.3
  '@types/webfontloader':
    specifier: ^1.6.35
    version: 1.6.35

packages:

  /@types/d3-quadtree@3.0.3:
    resolution: {integrity: sha512-GDWaR+rGEk4ToLQSGugYnoh9AYYblsg/8kmdpa1KAJMwcdZ0v8rwgnldURxI5UrzxPlCPzF7by/Tjmv+Jn21Dg==}
    dev: true

  /@types/webfontloader@1.6.35:
    resolution: {integrity: sha512-IJlrsiDWq6KghQ7tPlL5tcwSUyOxLDceT+AFUY7Ylj0Fcv3/h3QkANqQxZ0B5mEpEKxhTw76vDmvrruSMV9n9Q==}
    dev: true

  /@use-gesture/core@10.2.27:
    resolution: {integrity: sha512-V4XV7hn9GAD2MYu8yBBVi5iuWBsAMfjPRMsEVzoTNGYH72tf0kFP+OKqGKc8YJFQIJx6yj+AOqxmEHOmx2/MEA==}
    dev: false

  /@use-gesture/vanilla@10.2.27:
    resolution: {integrity: sha512-K/9bpGgEm5mqFsWmMCEIJyBhJ/cgC52oRgQTsM+JTxNGe5Vz9mvecH9MaSuyItXRlvOy2nbJqaK+h/TGRbparA==}
    dependencies:
      '@use-gesture/core': 10.2.27
    dev: false

  /d3-quadtree@3.0.1:
    resolution: {integrity: sha512-04xDrxQTDTCFwP5H6hRhsRcb9xxv2RzkcsygFzmkSIOJy3PeRJP7sNk3VRIbKXcog561P9oU0/rVH6vDROAgUw==}
    engines: {node: '>=12'}
    dev: false

  /eventemitter3@5.0.1:
    resolution: {integrity: sha512-GWkBvjiSZK87ELrYOSESUYeVIc9mvLLf/nXalMOS5dYrgZq9o5OVkbZAVM06CVxYsCwH9BDZFPlQTlPA1j4ahA==}
    dev: false

  /mobx@6.9.0:
    resolution: {integrity: sha512-HdKewQEREEJgsWnErClfbFoVebze6rGazxFLU/XUyrII8dORfVszN1V0BMRnQSzcgsNNtkX8DHj3nC6cdWE9YQ==}
    dev: false

  /phaser@3.60.0:
    resolution: {integrity: sha512-IKUy35EnoEVcl2EmJ8WOyK4X8OoxHYdlhZLgRGpNrvD1fEagYffhVmwHcapE/tGiLgyrnezmXIo5RrH2NcrTHw==}
    dependencies:
      eventemitter3: 5.0.1
    dev: false

  /rxjs@7.8.1:
    resolution: {integrity: sha512-AA3TVj+0A2iuIoQkWEK/tqFjBq2j+6PO6Y0zJcvzLAFhEFIO3HL0vls9hWLncZbAAbK0mar7oZ4V079I/qPMxg==}
    dependencies:
      tslib: 2.6.2
    dev: false

  /tslib@2.6.2:
    resolution: {integrity: sha512-AEYxH93jGFPn/a2iVAwW87VuUIkR1FVUKB77NwMF7nBTDkDrrT/Hpt/IrCJ0QXhW27jTBDcf5ZY7w6RiqTMw2Q==}
    dev: false

  /typescript@5.1.3:
    resolution: {integrity: sha512-XH627E9vkeqhlZFQuL+UsyAXEnibT0kWR2FWONlr4sTjvxyJYnyefgrkyECLzM5NenmKzRAy2rR/OlYLA1HkZw==}
    engines: {node: '>=14.17'}
    hasBin: true
    dev: false

  /webfontloader@1.6.28:
    resolution: {integrity: sha512-Egb0oFEga6f+nSgasH3E0M405Pzn6y3/9tOVanv/DLfa1YBIgcv90L18YyWnvXkRbIM17v5Kv6IT2N6g1x5tvQ==}
    dev: false
